
Microsoft Visual Studio Solution File, Format Version 12.00
# Visual Studio Version 17
VisualStudioVersion = 17.9.34728.123
MinimumVisualStudioVersion = 10.0.40219.1
Project("{FAE04EC0-301F-11D3-BF4B-00C04F79EFBC}") = "Task1", "Task1\Task1.csproj", "{7D28DF08-ACC3-41B2-8932-6E306E6463CD}"
EndProject
Project("{FAE04EC0-301F-11D3-BF4B-00C04F79EFBC}") = "Task2", "Task2\Task2.csproj", "{98E97289-D072-4FC8-B2CA-7EE98CEA3268}"
EndProject
Project("{FAE04EC0-301F-11D3-BF4B-00C04F79EFBC}") = "Task3", "Task3\Task3.csproj", "{664559D6-9741-40A1-9B41-04F46578C1F4}"
EndProject
Project("{FAE04EC0-301F-11D3-BF4B-00C04F79EFBC}") = "Task4", "Task4\Task4.csproj", "{63D45A0A-AF18-4769-8F5D-67B2ABB55947}"
EndProject
Project("{FAE04EC0-301F-11D3-BF4B-00C04F79EFBC}") = "Task5", "Task5\Task5.csproj", "{011F0FD9-BA08-4079-8F0D-FCF6DC60B3FE}"
EndProject
Global
	GlobalSection(SolutionConfigurationPlatforms) = preSolution
		Debug|Any CPU = Debug|Any CPU
		Release|Any CPU = Release|Any CPU
	EndGlobalSection
	GlobalSection(ProjectConfigurationPlatforms) = postSolution
		{7D28DF08-ACC3-41B2-8932-6E306E6463CD}.Debug|Any CPU.ActiveCfg = Debug|Any CPU
		{7D28DF08-ACC3-41B2-8932-6E306E6463CD}.Debug|Any CPU.Build.0 = Debug|Any CPU
		{7D28DF08-ACC3-41B2-8932-6E306E6463CD}.Release|Any CPU.ActiveCfg = Release|Any CPU
		{7D28DF08-ACC3-41B2-8932-6E306E6463CD}.Release|Any CPU.Build.0 = Release|Any CPU
		{98E97289-D072-4FC8-B2CA-7EE98CEA3268}.Debug|Any CPU.ActiveCfg = Debug|Any CPU
		{98E97289-D072-4FC8-B2CA-7EE98CEA3268}.Debug|Any CPU.Build.0 = Debug|Any CPU
		{98E97289-D072-4FC8-B2CA-7EE98CEA3268}.Release|Any CPU.ActiveCfg = Release|Any CPU
		{98E97289-D072-4FC8-B2CA-7EE98CEA3268}.Release|Any CPU.Build.0 = Release|Any CPU
		{664559D6-9741-40A1-9B41-04F46578C1F4}.Debug|Any CPU.ActiveCfg = Debug|Any CPU
		{664559D6-9741-40A1-9B41-04F46578C1F4}.Debug|Any CPU.Build.0 = Debug|Any CPU
		{664559D6-9741-40A1-9B41-04F46578C1F4}.Release|Any CPU.ActiveCfg = Release|Any CPU
		{664559D6-9741-40A1-9B41-04F46578C1F4}.Release|Any CPU.Build.0 = Release|Any CPU
		{63D45A0A-AF18-4769-8F5D-67B2ABB55947}.Debug|Any CPU.ActiveCfg = Debug|Any CPU
		{63D45A0A-AF18-4769-8F5D-67B2ABB55947}.Debug|Any CPU.Build.0 = Debug|Any CPU
		{63D45A0A-AF18-4769-8F5D-67B2ABB55947}.Release|Any CPU.ActiveCfg = Release|Any CPU
		{63D45A0A-AF18-4769-8F5D-67B2ABB55947}.Release|Any CPU.Build.0 = Release|Any CPU
		{011F0FD9-BA08-4079-8F0D-FCF6DC60B3FE}.Debug|Any CPU.ActiveCfg = Debug|Any CPU
		{011F0FD9-BA08-4079-8F0D-FCF6DC60B3FE}.Debug|Any CPU.Build.0 = Debug|Any CPU
		{011F0FD9-BA08-4079-8F0D-FCF6DC60B3FE}.Release|Any CPU.ActiveCfg = Release|Any CPU
		{011F0FD9-BA08-4079-8F0D-FCF6DC60B3FE}.Release|Any CPU.Build.0 = Release|Any CPU
	EndGlobalSection
	GlobalSection(SolutionProperties) = preSolution
		HideSolutionNode = FALSE
	EndGlobalSection
	GlobalSection(ExtensibilityGlobals) = postSolution
		SolutionGuid = {485B152B-FD38-4716-9C82-868674D523E2}
	EndGlobalSection
EndGlobal
